
Microsoft Visual Studio Solution File, Format Version 12.00
# Visual Studio Version 17
VisualStudioVersion = 17.14.36518.9 d17.14
MinimumVisualStudioVersion = 10.0.40219.1
Project("{FAE04EC0-301F-11D3-BF4B-00C04F79EFBC}") = "StartingNotches", "StartingNotches.csproj", "{43A7B3A9-F4A9-4D9C-9895-BAE714A5DAFE}"
EndProject
Global
	GlobalSection(SolutionConfigurationPlatforms) = preSolution
		Debug|Any CPU = Debug|Any CPU
		Release|Any CPU = Release|Any CPU
	EndGlobalSection
	GlobalSection(ProjectConfigurationPlatforms) = postSolution
		{43A7B3A9-F4A9-4D9C-9895-BAE714A5DAFE}.Debug|Any CPU.ActiveCfg = Debug|Any CPU
		{43A7B3A9-F4A9-4D9C-9895-BAE714A5DAFE}.Debug|Any CPU.Build.0 = Debug|Any CPU
		{43A7B3A9-F4A9-4D9C-9895-BAE714A5DAFE}.Release|Any CPU.ActiveCfg = Release|Any CPU
		{43A7B3A9-F4A9-4D9C-9895-BAE714A5DAFE}.Release|Any CPU.Build.0 = Release|Any CPU
	EndGlobalSection
	GlobalSection(SolutionProperties) = preSolution
		HideSolutionNode = FALSE
	EndGlobalSection
	GlobalSection(ExtensibilityGlobals) = postSolution
		SolutionGuid = {AC47C4CB-72F5-4F0E-B271-76E1569A7A83}
	EndGlobalSection
EndGlobal
